<?xml version="1.0" encoding="utf-8"?>
<Project ToolsVersion="4.0" xmlns="http://schemas.microsoft.com/developer/msbuild/2003">
  <ItemGroup>
    <Filter Include="Source Files">
      <UniqueIdentifier>{4FC737F1-C7A5-4376-A066-2A32D752A2FF}</UniqueIdentifier>
      <Extensions>cpp;c;cc;cxx;def;odl;idl;hpj;bat;asm;asmx</Extensions>
    </Filter>
    <Filter Include="Header Files">
      <UniqueIdentifier>{93995380-89BD-4b04-88EB-625FBE52EBFB}</UniqueIdentifier>
      <Extensions>h;hh;hpp;hxx;hm;inl;inc;ipp;xsd</Extensions>
    </Filter>
    <Filter Include="Resource Files">
      <UniqueIdentifier>{67DA6AB6-F800-4c08-8B7A-83BB121AAD01}</UniqueIdentifier>
      <Extensions>rc;ico;cur;bmp;dlg;rc2;rct;bin;rgs;gif;jpg;jpeg;jpe;resx;tiff;tif;png;wav;mfcribbon-ms</Extensions>
    </Filter>
    <Filter Include="Source Files\Math">
      <UniqueIdentifier>{c6ce0f75-a9a9-4c14-bd93-61659462f1f5}</UniqueIdentifier>
    </Filter>
    <Filter Include="Source Files\Math\Vector2D">
      <UniqueIdentifier>{e28eed5b-8140-432d-8b71-3b216cd7a743}</UniqueIdentifier>
    </Filter>
    <Filter Include="Source Files\MemoryManagement">
      <UniqueIdentifier>{0951a2e7-c2ac-421b-afc6-b5840111a344}</UniqueIdentifier>
    </Filter>
    <Filter Include="Header Files\Math">
      <UniqueIdentifier>{ede16d8c-ab60-42a6-a2fc-904a93277dc9}</UniqueIdentifier>
    </Filter>
    <Filter Include="Header Files\MemoryMangement">
      <UniqueIdentifier>{329fb905-ca1f-4e93-8e90-1ebed1f498c7}</UniqueIdentifier>
    </Filter>
    <Filter Include="Header Files\Math\Vector2D">
      <UniqueIdentifier>{ffaa5af2-ab23-41d1-a900-04731222e12e}</UniqueIdentifier>
    </Filter>
    <Filter Include="Header Files\Engine">
      <UniqueIdentifier>{1fa17801-7b29-46ed-8f14-093ecc6c067f}</UniqueIdentifier>
    </Filter>
    <Filter Include="Source Files\Engine">
      <UniqueIdentifier>{d7cb1c8e-2f6a-4fd6-af7f-4ecefc9e7e54}</UniqueIdentifier>
    </Filter>
    <Filter Include="UnitTest">
      <UniqueIdentifier>{d6cd38ab-d724-40b7-8939-2bfcdfaf7b73}</UniqueIdentifier>
    </Filter>
    <Filter Include="Header Files\Components">
      <UniqueIdentifier>{b910ebe4-7a06-4c2f-8c77-35c991b2dfe1}</UniqueIdentifier>
    </Filter>
    <Filter Include="Source Files\Components">
      <UniqueIdentifier>{abf00642-526b-44f4-ab7f-3ab62b241b11}</UniqueIdentifier>
    </Filter>
    <Filter Include="Header Files\String">
      <UniqueIdentifier>{0f8816f2-af75-49dd-b83f-f2a80baf9ec1}</UniqueIdentifier>
    </Filter>
    <Filter Include="Source Files\String">
      <UniqueIdentifier>{7e093f1e-7736-48c9-b3ac-f3cf29e2312b}</UniqueIdentifier>
    </Filter>
    <Filter Include="Header Files\Utility">
      <UniqueIdentifier>{f701f9cf-c16b-45ba-8ad2-843449582882}</UniqueIdentifier>
    </Filter>
    <Filter Include="Source Files\Utility">
      <UniqueIdentifier>{28b91d96-9f46-46e8-8028-140d478cb519}</UniqueIdentifier>
    </Filter>
    <Filter Include="Header Files\Input">
      <UniqueIdentifier>{bfe7688f-5973-427f-9b04-c6cb58b9871d}</UniqueIdentifier>
    </Filter>
    <Filter Include="Source Files\Input">
      <UniqueIdentifier>{a6fae2c8-3cf5-4e4e-a405-4b1101fa90f8}</UniqueIdentifier>
    </Filter>
    <Filter Include="Header Files\Engine\EntitySystem">
      <UniqueIdentifier>{4862054d-dc21-4c01-81a4-814c297b7205}</UniqueIdentifier>
    </Filter>
    <Filter Include="Source Files\Engine\EntitySystem">
      <UniqueIdentifier>{2167ff79-1ef0-4683-aa98-e8eea52e4f87}</UniqueIdentifier>
    </Filter>
    <Filter Include="Header Files\Engine\RenderingSystem">
      <UniqueIdentifier>{b04f82a6-3789-4d39-a0a3-a09e95102985}</UniqueIdentifier>
    </Filter>
    <Filter Include="Source Files\Engine\RenderingSystem">
      <UniqueIdentifier>{66da8cfc-9979-4590-b7cb-44e7a6c14b47}</UniqueIdentifier>
    </Filter>
  </ItemGroup>
  <ItemGroup>
    <ClInclude Include="stdafx.h">
      <Filter>Header Files</Filter>
    </ClInclude>
    <ClInclude Include="targetver.h">
      <Filter>Header Files</Filter>
    </ClInclude>
    <ClInclude Include="MemoryManager.h">
      <Filter>Header Files\MemoryMangement</Filter>
    </ClInclude>
    <ClInclude Include="HeapManagerProxy.h">
      <Filter>Header Files</Filter>
    </ClInclude>
    <ClInclude Include="UnitTest.h">
      <Filter>UnitTest</Filter>
    </ClInclude>
    <ClInclude Include="IString.h">
      <Filter>Header Files\String</Filter>
    </ClInclude>
    <ClInclude Include="MemorySystem.h">
      <Filter>UnitTest</Filter>
    </ClInclude>
    <ClInclude Include="FixedSizeAllocator.h">
      <Filter>Header Files\MemoryMangement</Filter>
    </ClInclude>
    <ClInclude Include="HeaderFiles\Engine\DarkNinjaEngine.h">
      <Filter>Header Files\Engine</Filter>
    </ClInclude>
    <ClInclude Include="HeaderFiles\Engine\Components\Components.h">
      <Filter>Header Files\Components</Filter>
    </ClInclude>
    <ClInclude Include="HeaderFiles\Engine\Utility\Time.h">
      <Filter>Header Files\Utility</Filter>
    </ClInclude>
    <ClInclude Include="HeaderFiles\Engine\Utility\IBitArray.h">
      <Filter>Header Files\Utility</Filter>
    </ClInclude>
    <ClInclude Include="HeaderFiles\Engine\Components\Entity.h">
      <Filter>Header Files\Engine\EntitySystem</Filter>
    </ClInclude>
    <ClInclude Include="HeaderFiles\Engine\Input\EngineInput.h">
      <Filter>Header Files\Input</Filter>
    </ClInclude>
    <ClInclude Include="HeaderFiles\Engine\PhysicsSystem\PhysicsSystem.h">
      <Filter>Header Files</Filter>
    </ClInclude>
    <ClInclude Include="HeaderFiles\Engine\Math\Vector2.h">
      <Filter>Header Files</Filter>
    </ClInclude>
    <ClInclude Include="HeaderFiles\Engine\Utility\Helper.h">
      <Filter>Header Files</Filter>
    </ClInclude>
    <ClInclude Include="SmartPointer.h">
      <Filter>Header Files</Filter>
    </ClInclude>
    <ClInclude Include="HeaderFiles\Engine\AISystem\AISystem.h">
      <Filter>Header Files</Filter>
    </ClInclude>
    <ClInclude Include="HeaderFiles\Engine\RenderingSystem\RenderingSystem.h">
      <Filter>Header Files\Engine\RenderingSystem</Filter>
    </ClInclude>
    <ClInclude Include="Shared\LoadFileToBuffer.h">
      <Filter>Header Files</Filter>
    </ClInclude>
    <ClInclude Include="JobSystem\IJob.h">
      <Filter>Header Files</Filter>
    </ClInclude>
    <ClInclude Include="JobSystem\INamed.h">
      <Filter>Header Files</Filter>
    </ClInclude>
    <ClInclude Include="JobSystem\JobRunner.h">
      <Filter>Header Files</Filter>
    </ClInclude>
    <ClInclude Include="JobSystem\JobSystem.h">
      <Filter>Header Files</Filter>
    </ClInclude>
    <ClInclude Include="JobSystem\SharedJobQueue.h">
      <Filter>Header Files</Filter>
    </ClInclude>
    <ClInclude Include="JobSystem\SharedJobQueue-inl.h">
      <Filter>Header Files</Filter>
    </ClInclude>
    <ClInclude Include="HashedString\HashedString.h">
      <Filter>Header Files</Filter>
    </ClInclude>
    <ClInclude Include="HashedString\HashedString-inl.h">
      <Filter>Header Files</Filter>
    </ClInclude>
    <ClInclude Include="Syncronization\Events.h">
      <Filter>Header Files</Filter>
    </ClInclude>
    <ClInclude Include="Syncronization\Mutex.h">
      <Filter>Header Files</Filter>
    </ClInclude>
    <ClInclude Include="Syncronization\ScopeLock.h">
      <Filter>Header Files</Filter>
    </ClInclude>
    <ClInclude Include="Syncronization\Semaphore.h">
      <Filter>Header Files</Filter>
    </ClInclude>
    <ClInclude Include="Syncronization\SingleWriterMultipleReader.h">
      <Filter>Header Files</Filter>
    </ClInclude>
    <ClInclude Include="Syncronization\WaitableObject.h">
      <Filter>Header Files</Filter>
    </ClInclude>
    <ClInclude Include="Console\ConsolePrint.h">
      <Filter>Header Files</Filter>
    </ClInclude>
    <ClInclude Include="HeaderFiles\Engine\Instantiate\Instantiate.h">
      <Filter>Header Files</Filter>
    </ClInclude>
    <ClInclude Include="Math\Point2D.h">
      <Filter>Header Files\Math\Vector2D</Filter>
    </ClInclude>
    <ClInclude Include="Math\Vec3.h">
      <Filter>Header Files</Filter>
    </ClInclude>
    <ClInclude Include="Math\Vec4.h">
      <Filter>Header Files</Filter>
    </ClInclude>
    <ClInclude Include="Math\Mat4.h">
      <Filter>Header Files</Filter>
    </ClInclude>
    <ClInclude Include="HeaderFiles\Engine\Collider\Collider.h">
      <Filter>Header Files</Filter>
    </ClInclude>
  </ItemGroup>
  <ItemGroup>
    <ClCompile Include="stdafx.cpp">
      <Filter>Source Files</Filter>
    </ClCompile>
    <ClCompile Include="MemoryManager.cpp">
      <Filter>Source Files\MemoryManagement</Filter>
    </ClCompile>
    <ClCompile Include="UnitTest.cpp">
      <Filter>UnitTest</Filter>
    </ClCompile>
    <ClCompile Include="HeapManagerProxy.cpp">
      <Filter>Source Files</Filter>
    </ClCompile>
    <ClCompile Include="IString.cpp">
      <Filter>Source Files\String</Filter>
    </ClCompile>
    <ClCompile Include="MemorySystem.cpp">
      <Filter>UnitTest</Filter>
    </ClCompile>
    <ClCompile Include="FixedSizeAllocator.cpp">
      <Filter>Source Files\MemoryManagement</Filter>
    </ClCompile>
    <ClCompile Include="Allocator.cpp">
      <Filter>Source Files\MemoryManagement</Filter>
    </ClCompile>
    <ClCompile Include="SourceFiles\Engine\DarkNinjaEngine.cpp">
      <Filter>Source Files\Engine</Filter>
    </ClCompile>
    <ClCompile Include="SourceFiles\Engine\Components\Components.cpp">
      <Filter>Source Files\Components</Filter>
    </ClCompile>
    <ClCompile Include="SourceFiles\Engine\Utility\Time.cpp">
      <Filter>Source Files\Utility</Filter>
    </ClCompile>
    <ClCompile Include="SourceFiles\Engine\Utility\IBitArray.cpp">
      <Filter>Source Files\Utility</Filter>
    </ClCompile>
    <ClCompile Include="SourceFiles\Engine\Components\Entity.cpp">
      <Filter>Source Files\Engine\EntitySystem</Filter>
    </ClCompile>
    <ClCompile Include="SourceFiles\Engine\Input\EngineInput.cpp">
      <Filter>Source Files\Input</Filter>
    </ClCompile>
    <ClCompile Include="SourceFiles\Engine\PhysicsSystem\PhysicsSystem.cpp">
      <Filter>Source Files</Filter>
    </ClCompile>
    <ClCompile Include="SourceFiles\Engine\Math\Vector2.cpp">
      <Filter>Source Files</Filter>
    </ClCompile>
    <ClCompile Include="SourceFiles\Engine\AISystem\AISystem.cpp">
      <Filter>Source Files</Filter>
    </ClCompile>
    <ClCompile Include="SourceFiles\Engine\RenderingSystem\RenderingSystem.cpp">
      <Filter>Source Files\Engine\RenderingSystem</Filter>
    </ClCompile>
    <ClCompile Include="Shared\LoadFileToBuffer.cpp">
      <Filter>Source Files</Filter>
    </ClCompile>
    <ClCompile Include="JobSystem\IJob.cpp">
      <Filter>Source Files</Filter>
    </ClCompile>
    <ClCompile Include="JobSystem\JobRunner.cpp">
      <Filter>Source Files</Filter>
    </ClCompile>
    <ClCompile Include="JobSystem\JobSystem.cpp">
      <Filter>Source Files</Filter>
    </ClCompile>
    <ClCompile Include="JobSystem\SharedJobQueue.cpp">
      <Filter>Source Files</Filter>
    </ClCompile>
    <ClCompile Include="HashedString\HashedString.cpp">
      <Filter>Source Files</Filter>
    </ClCompile>
    <ClCompile Include="Syncronization\Events.cpp">
      <Filter>Source Files</Filter>
    </ClCompile>
    <ClCompile Include="Syncronization\Mutex.cpp">
      <Filter>Source Files</Filter>
    </ClCompile>
    <ClCompile Include="Syncronization\Semaphore.cpp">
      <Filter>Source Files</Filter>
    </ClCompile>
    <ClCompile Include="Console\ConsolePrint.Win32.cpp">
      <Filter>Source Files</Filter>
    </ClCompile>
    <ClCompile Include="HeaderFiles\Engine\Instantiate\Instantiate.cpp">
      <Filter>Source Files</Filter>
    </ClCompile>
    <ClCompile Include="Math\Point2D.cpp">
      <Filter>Source Files\Math\Vector2D</Filter>
    </ClCompile>
    <ClCompile Include="Math\Vec3.cpp">
      <Filter>Source Files</Filter>
    </ClCompile>
    <ClCompile Include="Math\Vec4.cpp">
      <Filter>Source Files</Filter>
    </ClCompile>
    <ClCompile Include="Math\Mat4.cpp">
      <Filter>Source Files</Filter>
    </ClCompile>
    <ClCompile Include="HeaderFiles\Engine\Collider\Collider.cpp">
      <Filter>Source Files</Filter>
    </ClCompile>
  </ItemGroup>
</Project>